
Microsoft Visual Studio Solution File, Format Version 12.00
# Visual Studio Version 16
VisualStudioVersion = 16.0.31129.286
MinimumVisualStudioVersion = 10.0.40219.1
Project("{FAE04EC0-301F-11D3-BF4B-00C04F79EFBC}") = "dio-mvc-application", "dio-mvc-application\dio-mvc-application.csproj", "{FEB37313-D44A-4F6D-94F7-D3CEEC89BBD6}"
EndProject
Global
	GlobalSection(SolutionConfigurationPlatforms) = preSolution
		Debug|Any CPU = Debug|Any CPU
		Release|Any CPU = Release|Any CPU
	EndGlobalSection
	GlobalSection(ProjectConfigurationPlatforms) = postSolution
		{FEB37313-D44A-4F6D-94F7-D3CEEC89BBD6}.Debug|Any CPU.ActiveCfg = Debug|Any CPU
		{FEB37313-D44A-4F6D-94F7-D3CEEC89BBD6}.Debug|Any CPU.Build.0 = Debug|Any CPU
		{FEB37313-D44A-4F6D-94F7-D3CEEC89BBD6}.Release|Any CPU.ActiveCfg = Release|Any CPU
		{FEB37313-D44A-4F6D-94F7-D3CEEC89BBD6}.Release|Any CPU.Build.0 = Release|Any CPU
	EndGlobalSection
	GlobalSection(SolutionProperties) = preSolution
		HideSolutionNode = FALSE
	EndGlobalSection
	GlobalSection(ExtensibilityGlobals) = postSolution
		SolutionGuid = {5DE09F34-C233-4A07-A0A0-BBD708ED3F23}
	EndGlobalSection
EndGlobal
